{
  "originHash" : "87d1eb88a7fc3f0f1ef73b2462c6a6ce4b9982e91b89319a7c82422a94583e69",
  "pins" : [
    {
      "identity" : "sdwebimage",
      "kind" : "remoteSourceControl",
      "location" : "https://github.com/SDWebImage/SDWebImage.git",
      "state" : {
        "revision" : "86e9185ef41c4238a93ad8efe61ddeb701e80bbf",
        "version" : "5.19.5"
      }
    },
    {
      "identity" : "uiscrollview-infinitescroll",
      "kind" : "remoteSourceControl",
      "location" : "https://github.com/pronebird/UIScrollView-InfiniteScroll.git",
      "state" : {
        "revision" : "ff0c2b0d0d83961f36df3dfb3e6ff6929ff46dd3",
        "version" : "1.3.0"
      }
    }
  ],
  "version" : 3
}
